
Microsoft Visual Studio Solution File, Format Version 12.00
# Visual Studio 15
VisualStudioVersion = 15.0.28010.2026
MinimumVisualStudioVersion = 10.0.40219.1
Project("{FAE04EC0-301F-11D3-BF4B-00C04F79EFBC}") = "YouSoftTest1", "YouSoftTest1\YouSoftTest1.csproj", "{6617A5D8-D683-40AB-B4D2-C572C399287A}"
EndProject
Global
	GlobalSection(SolutionConfigurationPlatforms) = preSolution
		Debug|Any CPU = Debug|Any CPU
		Release|Any CPU = Release|Any CPU
	EndGlobalSection
	GlobalSection(ProjectConfigurationPlatforms) = postSolution
		{6617A5D8-D683-40AB-B4D2-C572C399287A}.Debug|Any CPU.ActiveCfg = Debug|Any CPU
		{6617A5D8-D683-40AB-B4D2-C572C399287A}.Debug|Any CPU.Build.0 = Debug|Any CPU
		{6617A5D8-D683-40AB-B4D2-C572C399287A}.Release|Any CPU.ActiveCfg = Release|Any CPU
		{6617A5D8-D683-40AB-B4D2-C572C399287A}.Release|Any CPU.Build.0 = Release|Any CPU
	EndGlobalSection
	GlobalSection(SolutionProperties) = preSolution
		HideSolutionNode = FALSE
	EndGlobalSection
	GlobalSection(ExtensibilityGlobals) = postSolution
		SolutionGuid = {6F6C6CD4-F77A-44DD-9295-CE5FCEAB5ADD}
	EndGlobalSection
EndGlobal
